
Microsoft Visual Studio Solution File, Format Version 12.00
# Visual Studio Version 17
VisualStudioVersion = 17.5.33627.172
MinimumVisualStudioVersion = 10.0.40219.1
Project("{FAE04EC0-301F-11D3-BF4B-00C04F79EFBC}") = "SQS.Fornecedor", "SQS.Fornecedor\SQS.Fornecedor.csproj", "{6517E669-7A8D-486F-A3A9-831683665EDB}"
EndProject
Project("{FAE04EC0-301F-11D3-BF4B-00C04F79EFBC}") = "SQS.Consumidor", "SQS.Consumidor\SQS.Consumidor.csproj", "{B14040D8-23B7-49FE-AEDD-29F70755D691}"
EndProject
Global
	GlobalSection(SolutionConfigurationPlatforms) = preSolution
		Debug|Any CPU = Debug|Any CPU
		Release|Any CPU = Release|Any CPU
	EndGlobalSection
	GlobalSection(ProjectConfigurationPlatforms) = postSolution
		{6517E669-7A8D-486F-A3A9-831683665EDB}.Debug|Any CPU.ActiveCfg = Debug|Any CPU
		{6517E669-7A8D-486F-A3A9-831683665EDB}.Debug|Any CPU.Build.0 = Debug|Any CPU
		{6517E669-7A8D-486F-A3A9-831683665EDB}.Release|Any CPU.ActiveCfg = Release|Any CPU
		{6517E669-7A8D-486F-A3A9-831683665EDB}.Release|Any CPU.Build.0 = Release|Any CPU
		{B14040D8-23B7-49FE-AEDD-29F70755D691}.Debug|Any CPU.ActiveCfg = Debug|Any CPU
		{B14040D8-23B7-49FE-AEDD-29F70755D691}.Debug|Any CPU.Build.0 = Debug|Any CPU
		{B14040D8-23B7-49FE-AEDD-29F70755D691}.Release|Any CPU.ActiveCfg = Release|Any CPU
		{B14040D8-23B7-49FE-AEDD-29F70755D691}.Release|Any CPU.Build.0 = Release|Any CPU
	EndGlobalSection
	GlobalSection(SolutionProperties) = preSolution
		HideSolutionNode = FALSE
	EndGlobalSection
	GlobalSection(ExtensibilityGlobals) = postSolution
		SolutionGuid = {CCCB94D8-35B1-428D-B6A3-9F2E6066898D}
	EndGlobalSection
EndGlobal
